# This file is automatically @generated by Cargo.
# It is not intended for manual editing.
version = 4

[[package]]
name = "stuf-core"
version = "0.1.0"

[[package]]
name = "stuf-env"
version = "0.1.0"

[[package]]
name = "stuf-examples"
version = "0.1.0"

[[package]]
name = "stuf-primitives"
version = "0.1.0"

[[package]]
name = "stuf-protocols"
version = "0.1.0"
